
Microsoft Visual Studio Solution File, Format Version 12.00
# Visual Studio Version 16
VisualStudioVersion = 16.0.31911.196
MinimumVisualStudioVersion = 10.0.40219.1
Project("{FAE04EC0-301F-11D3-BF4B-00C04F79EFBC}") = "Lesson_21", "Lesson_21\Lesson_21.csproj", "{AAE77A0D-8A18-40A8-9CA1-0024D81A2948}"
EndProject
Global
	GlobalSection(SolutionConfigurationPlatforms) = preSolution
		Debug|Any CPU = Debug|Any CPU
		Release|Any CPU = Release|Any CPU
	EndGlobalSection
	GlobalSection(ProjectConfigurationPlatforms) = postSolution
		{AAE77A0D-8A18-40A8-9CA1-0024D81A2948}.Debug|Any CPU.ActiveCfg = Debug|Any CPU
		{AAE77A0D-8A18-40A8-9CA1-0024D81A2948}.Debug|Any CPU.Build.0 = Debug|Any CPU
		{AAE77A0D-8A18-40A8-9CA1-0024D81A2948}.Release|Any CPU.ActiveCfg = Release|Any CPU
		{AAE77A0D-8A18-40A8-9CA1-0024D81A2948}.Release|Any CPU.Build.0 = Release|Any CPU
	EndGlobalSection
	GlobalSection(SolutionProperties) = preSolution
		HideSolutionNode = FALSE
	EndGlobalSection
	GlobalSection(ExtensibilityGlobals) = postSolution
		SolutionGuid = {8302A3CD-094B-49F5-80DE-048941FB48BA}
	EndGlobalSection
EndGlobal
